
Microsoft Visual Studio Solution File, Format Version 12.00
# Visual Studio 15
VisualStudioVersion = 15.0.28010.2046
MinimumVisualStudioVersion = 10.0.40219.1
Project("{FAE04EC0-301F-11D3-BF4B-00C04F79EFBC}") = "Nominas", "Nominas\Nominas.csproj", "{4786C998-255C-48B4-B306-30FB719320DA}"
EndProject
Global
	GlobalSection(SolutionConfigurationPlatforms) = preSolution
		Debug|Any CPU = Debug|Any CPU
		Release|Any CPU = Release|Any CPU
	EndGlobalSection
	GlobalSection(ProjectConfigurationPlatforms) = postSolution
		{4786C998-255C-48B4-B306-30FB719320DA}.Debug|Any CPU.ActiveCfg = Debug|Any CPU
		{4786C998-255C-48B4-B306-30FB719320DA}.Debug|Any CPU.Build.0 = Debug|Any CPU
		{4786C998-255C-48B4-B306-30FB719320DA}.Release|Any CPU.ActiveCfg = Release|Any CPU
		{4786C998-255C-48B4-B306-30FB719320DA}.Release|Any CPU.Build.0 = Release|Any CPU
	EndGlobalSection
	GlobalSection(SolutionProperties) = preSolution
		HideSolutionNode = FALSE
	EndGlobalSection
	GlobalSection(ExtensibilityGlobals) = postSolution
		SolutionGuid = {31633F1D-9426-4B78-922A-15E24592C4B7}
	EndGlobalSection
EndGlobal
